
Microsoft Visual Studio Solution File, Format Version 12.00
# Visual Studio Version 17
VisualStudioVersion = 17.14.36109.1 d17.14
MinimumVisualStudioVersion = 10.0.40219.1
Project("{FAE04EC0-301F-11D3-BF4B-00C04F79EFBC}") = "GymManagement", "GymManagement.csproj", "{A2ADA189-8573-4F25-838C-649480669C67}"
EndProject
Global
	GlobalSection(SolutionConfigurationPlatforms) = preSolution
		Debug|Any CPU = Debug|Any CPU
		Release|Any CPU = Release|Any CPU
	EndGlobalSection
	GlobalSection(ProjectConfigurationPlatforms) = postSolution
		{A2ADA189-8573-4F25-838C-649480669C67}.Debug|Any CPU.ActiveCfg = Debug|Any CPU
		{A2ADA189-8573-4F25-838C-649480669C67}.Debug|Any CPU.Build.0 = Debug|Any CPU
		{A2ADA189-8573-4F25-838C-649480669C67}.Release|Any CPU.ActiveCfg = Release|Any CPU
		{A2ADA189-8573-4F25-838C-649480669C67}.Release|Any CPU.Build.0 = Release|Any CPU
	EndGlobalSection
	GlobalSection(SolutionProperties) = preSolution
		HideSolutionNode = FALSE
	EndGlobalSection
	GlobalSection(ExtensibilityGlobals) = postSolution
		SolutionGuid = {1BC4914B-B5E7-4561-ADE5-724670B8C784}
	EndGlobalSection
EndGlobal
